
Microsoft Visual Studio Solution File, Format Version 12.00
# Visual Studio 15
VisualStudioVersion = 15.0.28307.1062
MinimumVisualStudioVersion = 10.0.40219.1
Project("{FAE04EC0-301F-11D3-BF4B-00C04F79EFBC}") = "CredScan.API", "CredScan.API\CredScan.API.csproj", "{B4A4C868-69E7-4089-BE5B-6954CBF19394}"
EndProject
Global
	GlobalSection(SolutionConfigurationPlatforms) = preSolution
		Debug|Any CPU = Debug|Any CPU
		Release|Any CPU = Release|Any CPU
	EndGlobalSection
	GlobalSection(ProjectConfigurationPlatforms) = postSolution
		{B4A4C868-69E7-4089-BE5B-6954CBF19394}.Debug|Any CPU.ActiveCfg = Debug|Any CPU
		{B4A4C868-69E7-4089-BE5B-6954CBF19394}.Debug|Any CPU.Build.0 = Debug|Any CPU
		{B4A4C868-69E7-4089-BE5B-6954CBF19394}.Release|Any CPU.ActiveCfg = Release|Any CPU
		{B4A4C868-69E7-4089-BE5B-6954CBF19394}.Release|Any CPU.Build.0 = Release|Any CPU
	EndGlobalSection
	GlobalSection(SolutionProperties) = preSolution
		HideSolutionNode = FALSE
	EndGlobalSection
	GlobalSection(ExtensibilityGlobals) = postSolution
		SolutionGuid = {A36F5A9F-A5EF-457E-8613-DCAB724FE2C4}
	EndGlobalSection
EndGlobal
